// !$*UTF8*$!
{
	archiveVersion = 1;
	classes = {
	};
	objectVersion = 55;
	objects = {

/* Begin PBXBuildFile section */
		26E8BE5CBA60DC9CD4E60926 /* Pods_TheMovie.framework in Frameworks */ = {isa = PBXBuildFile; fileRef = AF46E91571734C584787D630 /* Pods_TheMovie.framework */; };
		763CA0AE27C56FFD00B1B9F4 /* MovieDetails.swift in Sources */ = {isa = PBXBuildFile; fileRef = 763CA0AD27C56FFD00B1B9F4 /* MovieDetails.swift */; };
		76406B0527D02E0C008235D9 /* Double+TheMovie.swift in Sources */ = {isa = PBXBuildFile; fileRef = 76406B0427D02E0C008235D9 /* Double+TheMovie.swift */; };
		764DC2AB27C8243100DC2352 /* SimilarMoviesTableViewCell.swift in Sources */ = {isa = PBXBuildFile; fileRef = 764DC2AA27C8243100DC2352 /* SimilarMoviesTableViewCell.swift */; };
		7694A63F27C8021700C565D9 /* MovieDetailsHeaderView.swift in Sources */ = {isa = PBXBuildFile; fileRef = 7694A63E27C8021700C565D9 /* MovieDetailsHeaderView.swift */; };
		76A9215127C6A764008DC8E8 /* SimilarMovies.swift in Sources */ = {isa = PBXBuildFile; fileRef = 76A9215027C6A764008DC8E8 /* SimilarMovies.swift */; };
		76AE8C6A27BFBA1900BA1C2F /* AppDelegate.swift in Sources */ = {isa = PBXBuildFile; fileRef = 76AE8C6927BFBA1900BA1C2F /* AppDelegate.swift */; };
		76AE8C6C27BFBA1900BA1C2F /* SceneDelegate.swift in Sources */ = {isa = PBXBuildFile; fileRef = 76AE8C6B27BFBA1900BA1C2F /* SceneDelegate.swift */; };
		76AE8C7327BFBA1B00BA1C2F /* Assets.xcassets in Resources */ = {isa = PBXBuildFile; fileRef = 76AE8C7227BFBA1B00BA1C2F /* Assets.xcassets */; };
		76AE8C7627BFBA1B00BA1C2F /* LaunchScreen.storyboard in Resources */ = {isa = PBXBuildFile; fileRef = 76AE8C7427BFBA1B00BA1C2F /* LaunchScreen.storyboard */; };
		76AE8C8027BFBE3100BA1C2F /* MovieDetailsViewController.swift in Sources */ = {isa = PBXBuildFile; fileRef = 76AE8C7F27BFBE3100BA1C2F /* MovieDetailsViewController.swift */; };
		76AE8C8427BFC00F00BA1C2F /* TheMovieAPI.swift in Sources */ = {isa = PBXBuildFile; fileRef = 76AE8C8327BFC00F00BA1C2F /* TheMovieAPI.swift */; };
		76B711E827CD8769005F9334 /* MovieDetailsViewModel.swift in Sources */ = {isa = PBXBuildFile; fileRef = 76B711E727CD8769005F9334 /* MovieDetailsViewModel.swift */; };
/* End PBXBuildFile section */

/* Begin PBXFileReference section */
		22B7FB33959ED64569B395B0 /* Pods-TheMovie.release.xcconfig */ = {isa = PBXFileReference; includeInIndex = 1; lastKnownFileType = text.xcconfig; name = "Pods-TheMovie.release.xcconfig"; path = "Target Support Files/Pods-TheMovie/Pods-TheMovie.release.xcconfig"; sourceTree = "<group>"; };
		763CA0AD27C56FFD00B1B9F4 /* MovieDetails.swift */ = {isa = PBXFileReference; lastKnownFileType = sourcecode.swift; path = MovieDetails.swift; sourceTree = "<group>"; };
		76406B0427D02E0C008235D9 /* Double+TheMovie.swift */ = {isa = PBXFileReference; lastKnownFileType = sourcecode.swift; path = "Double+TheMovie.swift"; sourceTree = "<group>"; };
		764DC2AA27C8243100DC2352 /* SimilarMoviesTableViewCell.swift */ = {isa = PBXFileReference; lastKnownFileType = sourcecode.swift; path = SimilarMoviesTableViewCell.swift; sourceTree = "<group>"; };
		7694A63E27C8021700C565D9 /* MovieDetailsHeaderView.swift */ = {isa = PBXFileReference; lastKnownFileType = sourcecode.swift; path = MovieDetailsHeaderView.swift; sourceTree = "<group>"; };
		76A9215027C6A764008DC8E8 /* SimilarMovies.swift */ = {isa = PBXFileReference; lastKnownFileType = sourcecode.swift; path = SimilarMovies.swift; sourceTree = "<group>"; };
		76AE8C6627BFBA1900BA1C2F /* TheMovie.app */ = {isa = PBXFileReference; explicitFileType = wrapper.application; includeInIndex = 0; path = TheMovie.app; sourceTree = BUILT_PRODUCTS_DIR; };
		76AE8C6927BFBA1900BA1C2F /* AppDelegate.swift */ = {isa = PBXFileReference; lastKnownFileType = sourcecode.swift; path = AppDelegate.swift; sourceTree = "<group>"; };
		76AE8C6B27BFBA1900BA1C2F /* SceneDelegate.swift */ = {isa = PBXFileReference; lastKnownFileType = sourcecode.swift; path = SceneDelegate.swift; sourceTree = "<group>"; };
		76AE8C7227BFBA1B00BA1C2F /* Assets.xcassets */ = {isa = PBXFileReference; lastKnownFileType = folder.assetcatalog; path = Assets.xcassets; sourceTree = "<group>"; };
		76AE8C7527BFBA1B00BA1C2F /* Base */ = {isa = PBXFileReference; lastKnownFileType = file.storyboard; name = Base; path = Base.lproj/LaunchScreen.storyboard; sourceTree = "<group>"; };
		76AE8C7727BFBA1B00BA1C2F /* Info.plist */ = {isa = PBXFileReference; lastKnownFileType = text.plist.xml; path = Info.plist; sourceTree = "<group>"; };
		76AE8C7F27BFBE3100BA1C2F /* MovieDetailsViewController.swift */ = {isa = PBXFileReference; lastKnownFileType = sourcecode.swift; path = MovieDetailsViewController.swift; sourceTree = "<group>"; };
		76AE8C8327BFC00F00BA1C2F /* TheMovieAPI.swift */ = {isa = PBXFileReference; lastKnownFileType = sourcecode.swift; path = TheMovieAPI.swift; sourceTree = "<group>"; };
		76B711E727CD8769005F9334 /* MovieDetailsViewModel.swift */ = {isa = PBXFileReference; lastKnownFileType = sourcecode.swift; path = MovieDetailsViewModel.swift; sourceTree = "<group>"; };
		AA2A635987B43EA8D24C88F2 /* Pods-TheMovie.debug.xcconfig */ = {isa = PBXFileReference; includeInIndex = 1; lastKnownFileType = text.xcconfig; name = "Pods-TheMovie.debug.xcconfig"; path = "Target Support Files/Pods-TheMovie/Pods-TheMovie.debug.xcconfig"; sourceTree = "<group>"; };
		AF46E91571734C584787D630 /* Pods_TheMovie.framework */ = {isa = PBXFileReference; explicitFileType = wrapper.framework; includeInIndex = 0; path = Pods_TheMovie.framework; sourceTree = BUILT_PRODUCTS_DIR; };
/* End PBXFileReference section */

/* Begin PBXFrameworksBuildPhase section */
		76AE8C6327BFBA1900BA1C2F /* Frameworks */ = {
			isa = PBXFrameworksBuildPhase;
			buildActionMask = 2147483647;
			files = (
				26E8BE5CBA60DC9CD4E60926 /* Pods_TheMovie.framework in Frameworks */,
			);
			runOnlyForDeploymentPostprocessing = 0;
		};
/* End PBXFrameworksBuildPhase section */

/* Begin PBXGroup section */
		2868029E2C65FB22D90B3A27 /* Pods */ = {
			isa = PBXGroup;
			children = (
				AA2A635987B43EA8D24C88F2 /* Pods-TheMovie.debug.xcconfig */,
				22B7FB33959ED64569B395B0 /* Pods-TheMovie.release.xcconfig */,
			);
			path = Pods;
			sourceTree = "<group>";
		};
		76406B0327D02C57008235D9 /* Extensions */ = {
			isa = PBXGroup;
			children = (
				76406B0427D02E0C008235D9 /* Double+TheMovie.swift */,
			);
			path = Extensions;
			sourceTree = "<group>";
		};
		7694A64027C8021D00C565D9 /* Views */ = {
			isa = PBXGroup;
			children = (
				7694A63E27C8021700C565D9 /* MovieDetailsHeaderView.swift */,
				764DC2AA27C8243100DC2352 /* SimilarMoviesTableViewCell.swift */,
			);
			path = Views;
			sourceTree = "<group>";
		};
		76AE8C5D27BFBA1900BA1C2F = {
			isa = PBXGroup;
			children = (
				76AE8C6827BFBA1900BA1C2F /* TheMovie */,
				76AE8C6727BFBA1900BA1C2F /* Products */,
				2868029E2C65FB22D90B3A27 /* Pods */,
				E281C9621E30B530406DD4A1 /* Frameworks */,
			);
			sourceTree = "<group>";
		};
		76AE8C6727BFBA1900BA1C2F /* Products */ = {
			isa = PBXGroup;
			children = (
				76AE8C6627BFBA1900BA1C2F /* TheMovie.app */,
			);
			name = Products;
			sourceTree = "<group>";
		};
		76AE8C6827BFBA1900BA1C2F /* TheMovie */ = {
			isa = PBXGroup;
			children = (
				76406B0327D02C57008235D9 /* Extensions */,
				76AE8C8127BFBFC100BA1C2F /* API */,
				76AE8C7D27BFBC2B00BA1C2F /* Scenes */,
				76AE8C6927BFBA1900BA1C2F /* AppDelegate.swift */,
				76AE8C6B27BFBA1900BA1C2F /* SceneDelegate.swift */,
				76AE8C7227BFBA1B00BA1C2F /* Assets.xcassets */,
				76AE8C7427BFBA1B00BA1C2F /* LaunchScreen.storyboard */,
				76AE8C7727BFBA1B00BA1C2F /* Info.plist */,
			);
			path = TheMovie;
			sourceTree = "<group>";
		};
		76AE8C7D27BFBC2B00BA1C2F /* Scenes */ = {
			isa = PBXGroup;
			children = (
				7694A64027C8021D00C565D9 /* Views */,
				76AE8C7E27BFBE0A00BA1C2F /* MovieDetails */,
			);
			path = Scenes;
			sourceTree = "<group>";
		};
		76AE8C7E27BFBE0A00BA1C2F /* MovieDetails */ = {
			isa = PBXGroup;
			children = (
				76AE8C7F27BFBE3100BA1C2F /* MovieDetailsViewController.swift */,
				76B711E727CD8769005F9334 /* MovieDetailsViewModel.swift */,
			);
			path = MovieDetails;
			sourceTree = "<group>";
		};
		76AE8C8127BFBFC100BA1C2F /* API */ = {
			isa = PBXGroup;
			children = (
				76AE8C8227BFBFDD00BA1C2F /* Models */,
				76AE8C8327BFC00F00BA1C2F /* TheMovieAPI.swift */,
			);
			path = API;
			sourceTree = "<group>";
		};
		76AE8C8227BFBFDD00BA1C2F /* Models */ = {
			isa = PBXGroup;
			children = (
				763CA0AD27C56FFD00B1B9F4 /* MovieDetails.swift */,
				76A9215027C6A764008DC8E8 /* SimilarMovies.swift */,
			);
			path = Models;
			sourceTree = "<group>";
		};
		E281C9621E30B530406DD4A1 /* Frameworks */ = {
			isa = PBXGroup;
			children = (
				AF46E91571734C584787D630 /* Pods_TheMovie.framework */,
			);
			name = Frameworks;
			sourceTree = "<group>";
		};
/* End PBXGroup section */

/* Begin PBXNativeTarget section */
		76AE8C6527BFBA1900BA1C2F /* TheMovie */ = {
			isa = PBXNativeTarget;
			buildConfigurationList = 76AE8C7A27BFBA1B00BA1C2F /* Build configuration list for PBXNativeTarget "TheMovie" */;
			buildPhases = (
				09BD52F1E973C8E4A89FA5A2 /* [CP] Check Pods Manifest.lock */,
				76AE8C6227BFBA1900BA1C2F /* Sources */,
				76AE8C6327BFBA1900BA1C2F /* Frameworks */,
				76AE8C6427BFBA1900BA1C2F /* Resources */,
				4AA13FC8F1B4DE713961DEB9 /* [CP] Embed Pods Frameworks */,
			);
			buildRules = (
			);
			dependencies = (
			);
			name = TheMovie;
			productName = TheMovie;
			productReference = 76AE8C6627BFBA1900BA1C2F /* TheMovie.app */;
			productType = "com.apple.product-type.application";
		};
/* End PBXNativeTarget section */

/* Begin PBXProject section */
		76AE8C5E27BFBA1900BA1C2F /* Project object */ = {
			isa = PBXProject;
			attributes = {
				BuildIndependentTargetsInParallel = 1;
				LastSwiftUpdateCheck = 1320;
				LastUpgradeCheck = 1320;
				TargetAttributes = {
					76AE8C6527BFBA1900BA1C2F = {
						CreatedOnToolsVersion = 13.2.1;
					};
				};
			};
			buildConfigurationList = 76AE8C6127BFBA1900BA1C2F /* Build configuration list for PBXProject "TheMovie" */;
			compatibilityVersion = "Xcode 13.0";
			developmentRegion = en;
			hasScannedForEncodings = 0;
			knownRegions = (
				en,
				Base,
			);
			mainGroup = 76AE8C5D27BFBA1900BA1C2F;
			productRefGroup = 76AE8C6727BFBA1900BA1C2F /* Products */;
			projectDirPath = "";
			projectRoot = "";
			targets = (
				76AE8C6527BFBA1900BA1C2F /* TheMovie */,
			);
		};
/* End PBXProject section */

/* Begin PBXResourcesBuildPhase section */
		76AE8C6427BFBA1900BA1C2F /* Resources */ = {
			isa = PBXResourcesBuildPhase;
			buildActionMask = 2147483647;
			files = (
				76AE8C7627BFBA1B00BA1C2F /* LaunchScreen.storyboard in Resources */,
				76AE8C7327BFBA1B00BA1C2F /* Assets.xcassets in Resources */,
			);
			runOnlyForDeploymentPostprocessing = 0;
		};
/* End PBXResourcesBuildPhase section */

/* Begin PBXShellScriptBuildPhase section */
		09BD52F1E973C8E4A89FA5A2 /* [CP] Check Pods Manifest.lock */ = {
			isa = PBXShellScriptBuildPhase;
			buildActionMask = 2147483647;
			files = (
			);
			inputFileListPaths = (
			);
			inputPaths = (
				"${PODS_PODFILE_DIR_PATH}/Podfile.lock",
				"${PODS_ROOT}/Manifest.lock",
			);
			name = "[CP] Check Pods Manifest.lock";
			outputFileListPaths = (
			);
			outputPaths = (
				"$(DERIVED_FILE_DIR)/Pods-TheMovie-checkManifestLockResult.txt",
			);
			runOnlyForDeploymentPostprocessing = 0;
			shellPath = /bin/sh;
			shellScript = "diff \"${PODS_PODFILE_DIR_PATH}/Podfile.lock\" \"${PODS_ROOT}/Manifest.lock\" > /dev/null\nif [ $? != 0 ] ; then\n    # print error to STDERR\n    echo \"error: The sandbox is not in sync with the Podfile.lock. Run 'pod install' or update your CocoaPods installation.\" >&2\n    exit 1\nfi\n# This output is used by Xcode 'outputs' to avoid re-running this script phase.\necho \"SUCCESS\" > \"${SCRIPT_OUTPUT_FILE_0}\"\n";
			showEnvVarsInLog = 0;
		};
		4AA13FC8F1B4DE713961DEB9 /* [CP] Embed Pods Frameworks */ = {
			isa = PBXShellScriptBuildPhase;
			buildActionMask = 2147483647;
			files = (
			);
			inputFileListPaths = (
				"${PODS_ROOT}/Target Support Files/Pods-TheMovie/Pods-TheMovie-frameworks-${CONFIGURATION}-input-files.xcfilelist",
			);
			name = "[CP] Embed Pods Frameworks";
			outputFileListPaths = (
				"${PODS_ROOT}/Target Support Files/Pods-TheMovie/Pods-TheMovie-frameworks-${CONFIGURATION}-output-files.xcfilelist",
			);
			runOnlyForDeploymentPostprocessing = 0;
			shellPath = /bin/sh;
			shellScript = "\"${PODS_ROOT}/Target Support Files/Pods-TheMovie/Pods-TheMovie-frameworks.sh\"\n";
			showEnvVarsInLog = 0;
		};
/* End PBXShellScriptBuildPhase section */

/* Begin PBXSourcesBuildPhase section */
		76AE8C6227BFBA1900BA1C2F /* Sources */ = {
			isa = PBXSourcesBuildPhase;
			buildActionMask = 2147483647;
			files = (
				76A9215127C6A764008DC8E8 /* SimilarMovies.swift in Sources */,
				76AE8C6A27BFBA1900BA1C2F /* AppDelegate.swift in Sources */,
				7694A63F27C8021700C565D9 /* MovieDetailsHeaderView.swift in Sources */,
				76406B0527D02E0C008235D9 /* Double+TheMovie.swift in Sources */,
				76AE8C6C27BFBA1900BA1C2F /* SceneDelegate.swift in Sources */,
				764DC2AB27C8243100DC2352 /* SimilarMoviesTableViewCell.swift in Sources */,
				76AE8C8027BFBE3100BA1C2F /* MovieDetailsViewController.swift in Sources */,
				76AE8C8427BFC00F00BA1C2F /* TheMovieAPI.swift in Sources */,
				763CA0AE27C56FFD00B1B9F4 /* MovieDetails.swift in Sources */,
				76B711E827CD8769005F9334 /* MovieDetailsViewModel.swift in Sources */,
			);
			runOnlyForDeploymentPostprocessing = 0;
		};
/* End PBXSourcesBuildPhase section */

/* Begin PBXVariantGroup section */
		76AE8C7427BFBA1B00BA1C2F /* LaunchScreen.storyboard */ = {
			isa = PBXVariantGroup;
			children = (
				76AE8C7527BFBA1B00BA1C2F /* Base */,
			);
			name = LaunchScreen.storyboard;
			sourceTree = "<group>";
		};
/* End PBXVariantGroup section */

/* Begin XCBuildConfiguration section */
		76AE8C7827BFBA1B00BA1C2F /* Debug */ = {
			isa = XCBuildConfiguration;
			buildSettings = {
				ALWAYS_SEARCH_USER_PATHS = NO;
				CLANG_ANALYZER_NONNULL = YES;
				CLANG_ANALYZER_NUMBER_OBJECT_CONVERSION = YES_AGGRESSIVE;
				CLANG_CXX_LANGUAGE_STANDARD = "gnu++17";
				CLANG_CXX_LIBRARY = "libc++";
				CLANG_ENABLE_MODULES = YES;
				CLANG_ENABLE_OBJC_ARC = YES;
				CLANG_ENABLE_OBJC_WEAK = YES;
				CLANG_WARN_BLOCK_CAPTURE_AUTORELEASING = YES;
				CLANG_WARN_BOOL_CONVERSION = YES;
				CLANG_WARN_COMMA = YES;
				CLANG_WARN_CONSTANT_CONVERSION = YES;
				CLANG_WARN_DEPRECATED_OBJC_IMPLEMENTATIONS = YES;
				CLANG_WARN_DIRECT_OBJC_ISA_USAGE = YES_ERROR;
				CLANG_WARN_DOCUMENTATION_COMMENTS = YES;
				CLANG_WARN_EMPTY_BODY = YES;
				CLANG_WARN_ENUM_CONVERSION = YES;
				CLANG_WARN_INFINITE_RECURSION = YES;
				CLANG_WARN_INT_CONVERSION = YES;
				CLANG_WARN_NON_LITERAL_NULL_CONVERSION = YES;
				CLANG_WARN_OBJC_IMPLICIT_RETAIN_SELF = YES;
				CLANG_WARN_OBJC_LITERAL_CONVERSION = YES;
				CLANG_WARN_OBJC_ROOT_CLASS = YES_ERROR;
				CLANG_WARN_QUOTED_INCLUDE_IN_FRAMEWORK_HEADER = YES;
				CLANG_WARN_RANGE_LOOP_ANALYSIS = YES;
				CLANG_WARN_STRICT_PROTOTYPES = YES;
				CLANG_WARN_SUSPICIOUS_MOVE = YES;
				CLANG_WARN_UNGUARDED_AVAILABILITY = YES_AGGRESSIVE;
				CLANG_WARN_UNREACHABLE_CODE = YES;
				CLANG_WARN__DUPLICATE_METHOD_MATCH = YES;
				COPY_PHASE_STRIP = NO;
				DEBUG_INFORMATION_FORMAT = dwarf;
				ENABLE_STRICT_OBJC_MSGSEND = YES;
				ENABLE_TESTABILITY = YES;
				GCC_C_LANGUAGE_STANDARD = gnu11;
				GCC_DYNAMIC_NO_PIC = NO;
				GCC_NO_COMMON_BLOCKS = YES;
				GCC_OPTIMIZATION_LEVEL = 0;
				GCC_PREPROCESSOR_DEFINITIONS = (
					"DEBUG=1",
					"$(inherited)",
				);
				GCC_WARN_64_TO_32_BIT_CONVERSION = YES;
				GCC_WARN_ABOUT_RETURN_TYPE = YES_ERROR;
				GCC_WARN_UNDECLARED_SELECTOR = YES;
				GCC_WARN_UNINITIALIZED_AUTOS = YES_AGGRESSIVE;
				GCC_WARN_UNUSED_FUNCTION = YES;
				GCC_WARN_UNUSED_VARIABLE = YES;
				IPHONEOS_DEPLOYMENT_TARGET = 15.2;
				MTL_ENABLE_DEBUG_INFO = INCLUDE_SOURCE;
				MTL_FAST_MATH = YES;
				ONLY_ACTIVE_ARCH = YES;
				SDKROOT = iphoneos;
				SWIFT_ACTIVE_COMPILATION_CONDITIONS = DEBUG;
				SWIFT_OPTIMIZATION_LEVEL = "-Onone";
			};
			name = Debug;
		};
		76AE8C7927BFBA1B00BA1C2F /* Release */ = {
			isa = XCBuildConfiguration;
			buildSettings = {
				ALWAYS_SEARCH_USER_PATHS = NO;
				CLANG_ANALYZER_NONNULL = YES;
				CLANG_ANALYZER_NUMBER_OBJECT_CONVERSION = YES_AGGRESSIVE;
				CLANG_CXX_LANGUAGE_STANDARD = "gnu++17";
				CLANG_CXX_LIBRARY = "libc++";
				CLANG_ENABLE_MODULES = YES;
				CLANG_ENABLE_OBJC_ARC = YES;
				CLANG_ENABLE_OBJC_WEAK = YES;
				CLANG_WARN_BLOCK_CAPTURE_AUTORELEASING = YES;
				CLANG_WARN_BOOL_CONVERSION = YES;
				CLANG_WARN_COMMA = YES;
				CLANG_WARN_CONSTANT_CONVERSION = YES;
				CLANG_WARN_DEPRECATED_OBJC_IMPLEMENTATIONS = YES;
				CLANG_WARN_DIRECT_OBJC_ISA_USAGE = YES_ERROR;
				CLANG_WARN_DOCUMENTATION_COMMENTS = YES;
				CLANG_WARN_EMPTY_BODY = YES;
				CLANG_WARN_ENUM_CONVERSION = YES;
				CLANG_WARN_INFINITE_RECURSION = YES;
				CLANG_WARN_INT_CONVERSION = YES;
				CLANG_WARN_NON_LITERAL_NULL_CONVERSION = YES;
				CLANG_WARN_OBJC_IMPLICIT_RETAIN_SELF = YES;
				CLANG_WARN_OBJC_LITERAL_CONVERSION = YES;
				CLANG_WARN_OBJC_ROOT_CLASS = YES_ERROR;
				CLANG_WARN_QUOTED_INCLUDE_IN_FRAMEWORK_HEADER = YES;
				CLANG_WARN_RANGE_LOOP_ANALYSIS = YES;
				CLANG_WARN_STRICT_PROTOTYPES = YES;
				CLANG_WARN_SUSPICIOUS_MOVE = YES;
				CLANG_WARN_UNGUARDED_AVAILABILITY = YES_AGGRESSIVE;
				CLANG_WARN_UNREACHABLE_CODE = YES;
				CLANG_WARN__DUPLICATE_METHOD_MATCH = YES;
				COPY_PHASE_STRIP = NO;
				DEBUG_INFORMATION_FORMAT = "dwarf-with-dsym";
				ENABLE_NS_ASSERTIONS = NO;
				ENABLE_STRICT_OBJC_MSGSEND = YES;
				GCC_C_LANGUAGE_STANDARD = gnu11;
				GCC_NO_COMMON_BLOCKS = YES;
				GCC_WARN_64_TO_32_BIT_CONVERSION = YES;
				GCC_WARN_ABOUT_RETURN_TYPE = YES_ERROR;
				GCC_WARN_UNDECLARED_SELECTOR = YES;
				GCC_WARN_UNINITIALIZED_AUTOS = YES_AGGRESSIVE;
				GCC_WARN_UNUSED_FUNCTION = YES;
				GCC_WARN_UNUSED_VARIABLE = YES;
				IPHONEOS_DEPLOYMENT_TARGET = 15.2;
				MTL_ENABLE_DEBUG_INFO = NO;
				MTL_FAST_MATH = YES;
				SDKROOT = iphoneos;
				SWIFT_COMPILATION_MODE = wholemodule;
				SWIFT_OPTIMIZATION_LEVEL = "-O";
				VALIDATE_PRODUCT = YES;
			};
			name = Release;
		};
		76AE8C7B27BFBA1B00BA1C2F /* Debug */ = {
			isa = XCBuildConfiguration;
			baseConfigurationReference = AA2A635987B43EA8D24C88F2 /* Pods-TheMovie.debug.xcconfig */;
			buildSettings = {
				ASSETCATALOG_COMPILER_APPICON_NAME = AppIcon;
				ASSETCATALOG_COMPILER_GLOBAL_ACCENT_COLOR_NAME = AccentColor;
				CODE_SIGN_STYLE = Automatic;
				CURRENT_PROJECT_VERSION = 1;
				DEVELOPMENT_TEAM = 85N44W6L24;
				GENERATE_INFOPLIST_FILE = YES;
				INFOPLIST_FILE = TheMovie/Info.plist;
				INFOPLIST_KEY_UIApplicationSupportsIndirectInputEvents = YES;
				INFOPLIST_KEY_UILaunchStoryboardName = LaunchScreen;
				INFOPLIST_KEY_UISupportedInterfaceOrientations_iPad = "UIInterfaceOrientationPortrait UIInterfaceOrientationPortraitUpsideDown UIInterfaceOrientationLandscapeLeft UIInterfaceOrientationLandscapeRight";
				INFOPLIST_KEY_UISupportedInterfaceOrientations_iPhone = "UIInterfaceOrientationPortrait UIInterfaceOrientationLandscapeLeft UIInterfaceOrientationLandscapeRight";
				LD_RUNPATH_SEARCH_PATHS = (
					"$(inherited)",
					"@executable_path/Frameworks",
				);
				MARKETING_VERSION = 1.0;
				PRODUCT_BUNDLE_IDENTIFIER = com.hamiltonw.TheMovie;
				PRODUCT_NAME = "$(TARGET_NAME)";
				SWIFT_EMIT_LOC_STRINGS = YES;
				SWIFT_VERSION = 5.0;
				TARGETED_DEVICE_FAMILY = "1,2";
			};
			name = Debug;
		};
		76AE8C7C27BFBA1B00BA1C2F /* Release */ = {
			isa = XCBuildConfiguration;
			baseConfigurationReference = 22B7FB33959ED64569B395B0 /* Pods-TheMovie.release.xcconfig */;
			buildSettings = {
				ASSETCATALOG_COMPILER_APPICON_NAME = AppIcon;
				ASSETCATALOG_COMPILER_GLOBAL_ACCENT_COLOR_NAME = AccentColor;
				CODE_SIGN_STYLE = Automatic;
				CURRENT_PROJECT_VERSION = 1;
				DEVELOPMENT_TEAM = 85N44W6L24;
				GENERATE_INFOPLIST_FILE = YES;
				INFOPLIST_FILE = TheMovie/Info.plist;
				INFOPLIST_KEY_UIApplicationSupportsIndirectInputEvents = YES;
				INFOPLIST_KEY_UILaunchStoryboardName = LaunchScreen;
				INFOPLIST_KEY_UISupportedInterfaceOrientations_iPad = "UIInterfaceOrientationPortrait UIInterfaceOrientationPortraitUpsideDown UIInterfaceOrientationLandscapeLeft UIInterfaceOrientationLandscapeRight";
				INFOPLIST_KEY_UISupportedInterfaceOrientations_iPhone = "UIInterfaceOrientationPortrait UIInterfaceOrientationLandscapeLeft UIInterfaceOrientationLandscapeRight";
				LD_RUNPATH_SEARCH_PATHS = (
					"$(inherited)",
					"@executable_path/Frameworks",
				);
				MARKETING_VERSION = 1.0;
				PRODUCT_BUNDLE_IDENTIFIER = com.hamiltonw.TheMovie;
				PRODUCT_NAME = "$(TARGET_NAME)";
				SWIFT_EMIT_LOC_STRINGS = YES;
				SWIFT_VERSION = 5.0;
				TARGETED_DEVICE_FAMILY = "1,2";
			};
			name = Release;
		};
/* End XCBuildConfiguration section */

/* Begin XCConfigurationList section */
		76AE8C6127BFBA1900BA1C2F /* Build configuration list for PBXProject "TheMovie" */ = {
			isa = XCConfigurationList;
			buildConfigurations = (
				76AE8C7827BFBA1B00BA1C2F /* Debug */,
				76AE8C7927BFBA1B00BA1C2F /* Release */,
			);
			defaultConfigurationIsVisible = 0;
			defaultConfigurationName = Release;
		};
		76AE8C7A27BFBA1B00BA1C2F /* Build configuration list for PBXNativeTarget "TheMovie" */ = {
			isa = XCConfigurationList;
			buildConfigurations = (
				76AE8C7B27BFBA1B00BA1C2F /* Debug */,
				76AE8C7C27BFBA1B00BA1C2F /* Release */,
			);
			defaultConfigurationIsVisible = 0;
			defaultConfigurationName = Release;
		};
/* End XCConfigurationList section */
	};
	rootObject = 76AE8C5E27BFBA1900BA1C2F /* Project object */;
}
